
Microsoft Visual Studio Solution File, Format Version 12.00
# Visual Studio Version 16
VisualStudioVersion = 16.0.30717.126
MinimumVisualStudioVersion = 10.0.40219.1
Project("{FAE04EC0-301F-11D3-BF4B-00C04F79EFBC}") = "Lab1_Seldin", "Lab1_Seldin\Lab1_Seldin.csproj", "{6E2AF88F-36BE-48D6-87A7-9603E72052FD}"
EndProject
Project("{FAE04EC0-301F-11D3-BF4B-00C04F79EFBC}") = "UnitTestProject", "UnitTestProject\UnitTestProject.csproj", "{3BB4EC4B-1808-4236-8748-4C5D9EAB231E}"
EndProject
Project("{FAE04EC0-301F-11D3-BF4B-00C04F79EFBC}") = "CodedUITestProject", "CodedUITestProject\CodedUITestProject.csproj", "{B2EB50C1-1737-4786-BCAF-AFDA0A3696DE}"
EndProject
Global
	GlobalSection(SolutionConfigurationPlatforms) = preSolution
		Debug|Any CPU = Debug|Any CPU
		Release|Any CPU = Release|Any CPU
	EndGlobalSection
	GlobalSection(ProjectConfigurationPlatforms) = postSolution
		{6E2AF88F-36BE-48D6-87A7-9603E72052FD}.Debug|Any CPU.ActiveCfg = Debug|Any CPU
		{6E2AF88F-36BE-48D6-87A7-9603E72052FD}.Debug|Any CPU.Build.0 = Debug|Any CPU
		{6E2AF88F-36BE-48D6-87A7-9603E72052FD}.Release|Any CPU.ActiveCfg = Release|Any CPU
		{6E2AF88F-36BE-48D6-87A7-9603E72052FD}.Release|Any CPU.Build.0 = Release|Any CPU
		{3BB4EC4B-1808-4236-8748-4C5D9EAB231E}.Debug|Any CPU.ActiveCfg = Debug|Any CPU
		{3BB4EC4B-1808-4236-8748-4C5D9EAB231E}.Debug|Any CPU.Build.0 = Debug|Any CPU
		{3BB4EC4B-1808-4236-8748-4C5D9EAB231E}.Release|Any CPU.ActiveCfg = Release|Any CPU
		{3BB4EC4B-1808-4236-8748-4C5D9EAB231E}.Release|Any CPU.Build.0 = Release|Any CPU
		{B2EB50C1-1737-4786-BCAF-AFDA0A3696DE}.Debug|Any CPU.ActiveCfg = Debug|Any CPU
		{B2EB50C1-1737-4786-BCAF-AFDA0A3696DE}.Debug|Any CPU.Build.0 = Debug|Any CPU
		{B2EB50C1-1737-4786-BCAF-AFDA0A3696DE}.Release|Any CPU.ActiveCfg = Release|Any CPU
		{B2EB50C1-1737-4786-BCAF-AFDA0A3696DE}.Release|Any CPU.Build.0 = Release|Any CPU
	EndGlobalSection
	GlobalSection(SolutionProperties) = preSolution
		HideSolutionNode = FALSE
	EndGlobalSection
	GlobalSection(ExtensibilityGlobals) = postSolution
		SolutionGuid = {A784BDEF-5566-45FF-BDA1-4F43EA69EFA8}
	EndGlobalSection
EndGlobal
